{
  "name": "@react-native-extra/calculate",
  "version": "0.1.0",
  "lockfileVersion": 1,
  "requires": true,
  "dependencies": {
    "@react-native-extra/calculate": {
      "version": "0.3.1",
      "resolved": "https://registry.npmjs.org/@react-native-extra/calculate/-/calculate-0.3.1.tgz",
      "integrity": "sha512-TFnz5Fc3QVT0iXCqy9SQ3h04LxXztZ+dfqmynjkKDVVj0vrMqQAnWwbCymqumhMWxviAbvPA8mxLgv9ftMCBcA==",
      "requires": {
        "calc-units": "^0.2.1"
      }
    },
    "@react-native-extra/media-query": {
      "version": "0.3.0",
      "resolved": "https://registry.npmjs.org/@react-native-extra/media-query/-/media-query-0.3.0.tgz",
      "integrity": "sha512-RdwTM9Bd6zg4Cf1E5UM7l1A/UFf3HBojs7WYdVWmGA+NeyK5g5B/rI84Bmzv7oF6vy2JVu89XgYI8j2cgw9W2Q==",
      "requires": {
        "css-mediaquery": "^0.1.2"
      }
    },
    "@react-native-extra/style-sheet": {
      "version": "0.1.0",
      "resolved": "https://registry.npmjs.org/@react-native-extra/style-sheet/-/style-sheet-0.1.0.tgz",
      "integrity": "sha512-QVkd6AyIIwL1EyXWMPGLoj64ECM6XAo19FZlRfeeLihSrGJY0CF5gARDBdR9JgvgAMWwYqkFRCEYN+tnsnEffQ==",
      "requires": {
        "@react-native-extra/calculate": "^0.3.1",
        "@react-native-extra/media-query": "^0.3.0"
      }
    },
    "@types/prop-types": {
      "version": "15.7.3",
      "resolved": "https://registry.npmjs.org/@types/prop-types/-/prop-types-15.7.3.tgz",
      "integrity": "sha512-KfRL3PuHmqQLOG+2tGpRO26Ctg+Cq1E01D2DMriKEATHgWLfeNDmq9e29Q9WIky0dQ3NPkd1mzYH8Lm936Z9qw==",
      "dev": true
    },
    "@types/react": {
      "version": "16.14.1",
      "resolved": "https://registry.npmjs.org/@types/react/-/react-16.14.1.tgz",
      "integrity": "sha512-32mxrbX62m5b+lMTSzucFKNIr8Eq4T6T3rDVxYzKqyRwyfnPcwZppWW0YXUlPNPUE+r6phBtHXYRgr8ad/Zl9A==",
      "dev": true,
      "requires": {
        "@types/prop-types": "*"
      }
    },
    "@types/react-native": {
      "version": "0.63.36",
      "resolved": "https://registry.npmjs.org/@types/react-native/-/react-native-0.63.36.tgz",
      "integrity": "sha512-mCWEiPgi55MkXXMuDe0VsOWO3C4hhj6mO/jnTvy0sXcRD6MbAmGwXnVe5+m1FRCuEQMaJwgG1ZNahZvvyvuGUA==",
      "dev": true,
      "requires": {
        "@types/react": "*"
      }
    },
    "calc-units": {
      "version": "0.2.1",
      "resolved": "https://registry.npmjs.org/calc-units/-/calc-units-0.2.1.tgz",
      "integrity": "sha512-V7IGbrMnqWTA/oMpmMpxGuNPm+USsL8vhLyL3Wd4WiLhC16PFjrZrB3H6Iex98W8TsPkHcGfV2CjxJZS60M7/g=="
    },
    "css-mediaquery": {
      "version": "0.1.2",
      "resolved": "https://registry.npmjs.org/css-mediaquery/-/css-mediaquery-0.1.2.tgz",
      "integrity": "sha1-aiw3NEkoYYYxxUvTPO3TAdoYvqA="
    },
    "typescript": {
      "version": "4.1.2",
      "resolved": "https://registry.npmjs.org/typescript/-/typescript-4.1.2.tgz",
      "integrity": "sha512-thGloWsGH3SOxv1SoY7QojKi0tc+8FnOmiarEGMbd/lar7QOEd3hvlx3Fp5y6FlDUGl9L+pd4n2e+oToGMmhRQ==",
      "dev": true
    }
  }
}
