{
  "name": "@react-native-extra/style-sheet",
  "version": "1.0.0",
  "lockfileVersion": 1,
  "requires": true,
  "dependencies": {
    "@types/prop-types": {
      "version": "15.7.3",
      "resolved": "https://registry.npmjs.org/@types/prop-types/-/prop-types-15.7.3.tgz",
      "integrity": "sha512-KfRL3PuHmqQLOG+2tGpRO26Ctg+Cq1E01D2DMriKEATHgWLfeNDmq9e29Q9WIky0dQ3NPkd1mzYH8Lm936Z9qw==",
      "dev": true
    },
    "@types/react": {
      "version": "16.9.56",
      "resolved": "https://registry.npmjs.org/@types/react/-/react-16.9.56.tgz",
      "integrity": "sha512-gIkl4J44G/qxbuC6r2Xh+D3CGZpJ+NdWTItAPmZbR5mUS+JQ8Zvzpl0ea5qT/ZT3ZNTUcDKUVqV3xBE8wv/DyQ==",
      "dev": true,
      "requires": {
        "@types/prop-types": "*",
        "csstype": "^3.0.2"
      }
    },
    "@types/react-native": {
      "version": "0.63.33",
      "resolved": "https://registry.npmjs.org/@types/react-native/-/react-native-0.63.33.tgz",
      "integrity": "sha512-bqRtJI4EwiV3OTc9pHjmtE/ZIOLYi9KbrnMWyJIb90Z7+eXKPimKPTBU1oDVNdw8CXkDCrZaengvvdu2JMvjtg==",
      "dev": true,
      "requires": {
        "@types/react": "*"
      }
    },
    "csstype": {
      "version": "3.0.4",
      "resolved": "https://registry.npmjs.org/csstype/-/csstype-3.0.4.tgz",
      "integrity": "sha512-xc8DUsCLmjvCfoD7LTGE0ou2MIWLx0K9RCZwSHMOdynqRsP4MtUcLeqh1HcQ2dInwDTqn+3CE0/FZh1et+p4jA==",
      "dev": true
    },
    "immer": {
      "version": "7.0.14",
      "resolved": "https://registry.npmjs.org/immer/-/immer-7.0.14.tgz",
      "integrity": "sha512-BxCs6pJwhgSEUEOZjywW7OA8DXVzfHjkBelSEl0A+nEu0+zS4cFVdNOONvt55N4WOm8Pu4xqSPYxhm1Lv2iBBA=="
    },
    "ts-toolbelt": {
      "version": "8.0.7",
      "resolved": "https://registry.npmjs.org/ts-toolbelt/-/ts-toolbelt-8.0.7.tgz",
      "integrity": "sha512-KICHyKxc5Nu34kyoODrEe2+zvuQQaubTJz7pnC5RQ19TH/Jged1xv+h8LBrouaSD310m75oAljYs59LNHkLDkQ==",
      "dev": true
    },
    "typescript": {
      "version": "4.1.1-rc",
      "resolved": "https://registry.npmjs.org/typescript/-/typescript-4.1.1-rc.tgz",
      "integrity": "sha512-tgNcFrLIjlaMWEc7bKC0bxLNIt8BIAauY/HLUOQDyTP75HGskETtXOt46x4EKAHRKhWVLMc7yM02puTHa/yhCA==",
      "dev": true
    }
  }
}
